
Microsoft Visual Studio Solution File, Format Version 12.00
# Visual Studio Version 17
VisualStudioVersion = 17.13.35919.96 d17.13
MinimumVisualStudioVersion = 10.0.40219.1
Project("{FAE04EC0-301F-11D3-BF4B-00C04F79EFBC}") = "ClinicApp2", "ClinicApp2\ClinicApp2.csproj", "{6FBFE0C6-4C23-4823-95FE-090E2C06EC1C}"
EndProject
Global
	GlobalSection(SolutionConfigurationPlatforms) = preSolution
		Debug|Any CPU = Debug|Any CPU
		Release|Any CPU = Release|Any CPU
	EndGlobalSection
	GlobalSection(ProjectConfigurationPlatforms) = postSolution
		{6FBFE0C6-4C23-4823-95FE-090E2C06EC1C}.Debug|Any CPU.ActiveCfg = Debug|Any CPU
		{6FBFE0C6-4C23-4823-95FE-090E2C06EC1C}.Debug|Any CPU.Build.0 = Debug|Any CPU
		{6FBFE0C6-4C23-4823-95FE-090E2C06EC1C}.Release|Any CPU.ActiveCfg = Release|Any CPU
		{6FBFE0C6-4C23-4823-95FE-090E2C06EC1C}.Release|Any CPU.Build.0 = Release|Any CPU
	EndGlobalSection
	GlobalSection(SolutionProperties) = preSolution
		HideSolutionNode = FALSE
	EndGlobalSection
	GlobalSection(ExtensibilityGlobals) = postSolution
		SolutionGuid = {636C7AB2-4937-41DE-9EAE-16078B3EBDAC}
	EndGlobalSection
EndGlobal
